// !$*UTF8*$!
{
	archiveVersion = 1;
	classes = {
	};
	objectVersion = 55;
	objects = {

/* Begin PBXBuildFile section */
		63D06B2927B8008000F88145 /* AppDelegate.swift in Sources */ = {isa = PBXBuildFile; fileRef = 63D06B2827B8008000F88145 /* AppDelegate.swift */; };
		63D06B2B27B8008000F88145 /* SceneDelegate.swift in Sources */ = {isa = PBXBuildFile; fileRef = 63D06B2A27B8008000F88145 /* SceneDelegate.swift */; };
		63D06B3227B8008200F88145 /* Assets.xcassets in Resources */ = {isa = PBXBuildFile; fileRef = 63D06B3127B8008200F88145 /* Assets.xcassets */; };
		63EE2AE827B8D90900EE60E5 /* SplitViewController.swift in Sources */ = {isa = PBXBuildFile; fileRef = 63EE2AE727B8D90900EE60E5 /* SplitViewController.swift */; };
		63EE2AEA27B8DACA00EE60E5 /* TableViewController.swift in Sources */ = {isa = PBXBuildFile; fileRef = 63EE2AE927B8DACA00EE60E5 /* TableViewController.swift */; };
		63EE2AED27B8E36700EE60E5 /* UIColor+Extension.swift in Sources */ = {isa = PBXBuildFile; fileRef = 63EE2AEC27B8E36700EE60E5 /* UIColor+Extension.swift */; };
		63EE2AEF27B8E51300EE60E5 /* Animal.swift in Sources */ = {isa = PBXBuildFile; fileRef = 63EE2AEE27B8E51300EE60E5 /* Animal.swift */; };
		63EE2AF127B8E6D400EE60E5 /* AnimalManager.swift in Sources */ = {isa = PBXBuildFile; fileRef = 63EE2AF027B8E6D400EE60E5 /* AnimalManager.swift */; };
/* End PBXBuildFile section */

/* Begin PBXFileReference section */
		63D06B2527B8008000F88145 /* SplitViewApp.app */ = {isa = PBXFileReference; explicitFileType = wrapper.application; includeInIndex = 0; path = SplitViewApp.app; sourceTree = BUILT_PRODUCTS_DIR; };
		63D06B2827B8008000F88145 /* AppDelegate.swift */ = {isa = PBXFileReference; lastKnownFileType = sourcecode.swift; path = AppDelegate.swift; sourceTree = "<group>"; };
		63D06B2A27B8008000F88145 /* SceneDelegate.swift */ = {isa = PBXFileReference; lastKnownFileType = sourcecode.swift; path = SceneDelegate.swift; sourceTree = "<group>"; };
		63D06B3127B8008200F88145 /* Assets.xcassets */ = {isa = PBXFileReference; lastKnownFileType = folder.assetcatalog; path = Assets.xcassets; sourceTree = "<group>"; };
		63D06B3627B8008200F88145 /* Info.plist */ = {isa = PBXFileReference; lastKnownFileType = text.plist.xml; path = Info.plist; sourceTree = "<group>"; };
		63EE2AE727B8D90900EE60E5 /* SplitViewController.swift */ = {isa = PBXFileReference; lastKnownFileType = sourcecode.swift; path = SplitViewController.swift; sourceTree = "<group>"; };
		63EE2AE927B8DACA00EE60E5 /* TableViewController.swift */ = {isa = PBXFileReference; lastKnownFileType = sourcecode.swift; path = TableViewController.swift; sourceTree = "<group>"; };
		63EE2AEC27B8E36700EE60E5 /* UIColor+Extension.swift */ = {isa = PBXFileReference; lastKnownFileType = sourcecode.swift; path = "UIColor+Extension.swift"; sourceTree = "<group>"; };
		63EE2AEE27B8E51300EE60E5 /* Animal.swift */ = {isa = PBXFileReference; lastKnownFileType = sourcecode.swift; path = Animal.swift; sourceTree = "<group>"; };
		63EE2AF027B8E6D400EE60E5 /* AnimalManager.swift */ = {isa = PBXFileReference; lastKnownFileType = sourcecode.swift; path = AnimalManager.swift; sourceTree = "<group>"; };
/* End PBXFileReference section */

/* Begin PBXFrameworksBuildPhase section */
		63D06B2227B8008000F88145 /* Frameworks */ = {
			isa = PBXFrameworksBuildPhase;
			buildActionMask = 2147483647;
			files = (
			);
			runOnlyForDeploymentPostprocessing = 0;
		};
/* End PBXFrameworksBuildPhase section */

/* Begin PBXGroup section */
		63D06B1C27B8008000F88145 = {
			isa = PBXGroup;
			children = (
				63D06B2727B8008000F88145 /* SplitViewApp */,
				63D06B2627B8008000F88145 /* Products */,
			);
			sourceTree = "<group>";
		};
		63D06B2627B8008000F88145 /* Products */ = {
			isa = PBXGroup;
			children = (
				63D06B2527B8008000F88145 /* SplitViewApp.app */,
			);
			name = Products;
			sourceTree = "<group>";
		};
		63D06B2727B8008000F88145 /* SplitViewApp */ = {
			isa = PBXGroup;
			children = (
				63EE2AEB27B8E34C00EE60E5 /* Extension */,
				63EE2AE627B8D0B600EE60E5 /* Model */,
				63EE2AE327B8D08400EE60E5 /* View */,
				63EE2AE427B8D08B00EE60E5 /* Controller */,
				63EE2AE527B8D0A600EE60E5 /* AppDelegate */,
				63D06B3127B8008200F88145 /* Assets.xcassets */,
				63D06B3627B8008200F88145 /* Info.plist */,
			);
			path = SplitViewApp;
			sourceTree = "<group>";
		};
		63EE2AE327B8D08400EE60E5 /* View */ = {
			isa = PBXGroup;
			children = (
			);
			path = View;
			sourceTree = "<group>";
		};
		63EE2AE427B8D08B00EE60E5 /* Controller */ = {
			isa = PBXGroup;
			children = (
				63EE2AE727B8D90900EE60E5 /* SplitViewController.swift */,
				63EE2AE927B8DACA00EE60E5 /* TableViewController.swift */,
			);
			path = Controller;
			sourceTree = "<group>";
		};
		63EE2AE527B8D0A600EE60E5 /* AppDelegate */ = {
			isa = PBXGroup;
			children = (
				63D06B2827B8008000F88145 /* AppDelegate.swift */,
				63D06B2A27B8008000F88145 /* SceneDelegate.swift */,
			);
			path = AppDelegate;
			sourceTree = "<group>";
		};
		63EE2AE627B8D0B600EE60E5 /* Model */ = {
			isa = PBXGroup;
			children = (
				63EE2AF027B8E6D400EE60E5 /* AnimalManager.swift */,
				63EE2AEE27B8E51300EE60E5 /* Animal.swift */,
			);
			path = Model;
			sourceTree = "<group>";
		};
		63EE2AEB27B8E34C00EE60E5 /* Extension */ = {
			isa = PBXGroup;
			children = (
				63EE2AEC27B8E36700EE60E5 /* UIColor+Extension.swift */,
			);
			path = Extension;
			sourceTree = "<group>";
		};
/* End PBXGroup section */

/* Begin PBXNativeTarget section */
		63D06B2427B8008000F88145 /* SplitViewApp */ = {
			isa = PBXNativeTarget;
			buildConfigurationList = 63D06B3927B8008200F88145 /* Build configuration list for PBXNativeTarget "SplitViewApp" */;
			buildPhases = (
				63D06B2127B8008000F88145 /* Sources */,
				63D06B2227B8008000F88145 /* Frameworks */,
				63D06B2327B8008000F88145 /* Resources */,
			);
			buildRules = (
			);
			dependencies = (
			);
			name = SplitViewApp;
			productName = SplitViewApp;
			productReference = 63D06B2527B8008000F88145 /* SplitViewApp.app */;
			productType = "com.apple.product-type.application";
		};
/* End PBXNativeTarget section */

/* Begin PBXProject section */
		63D06B1D27B8008000F88145 /* Project object */ = {
			isa = PBXProject;
			attributes = {
				BuildIndependentTargetsInParallel = 1;
				LastSwiftUpdateCheck = 1310;
				LastUpgradeCheck = 1310;
				TargetAttributes = {
					63D06B2427B8008000F88145 = {
						CreatedOnToolsVersion = 13.1;
					};
				};
			};
			buildConfigurationList = 63D06B2027B8008000F88145 /* Build configuration list for PBXProject "SplitViewApp" */;
			compatibilityVersion = "Xcode 13.0";
			developmentRegion = en;
			hasScannedForEncodings = 0;
			knownRegions = (
				en,
				Base,
			);
			mainGroup = 63D06B1C27B8008000F88145;
			productRefGroup = 63D06B2627B8008000F88145 /* Products */;
			projectDirPath = "";
			projectRoot = "";
			targets = (
				63D06B2427B8008000F88145 /* SplitViewApp */,
			);
		};
/* End PBXProject section */

/* Begin PBXResourcesBuildPhase section */
		63D06B2327B8008000F88145 /* Resources */ = {
			isa = PBXResourcesBuildPhase;
			buildActionMask = 2147483647;
			files = (
				63D06B3227B8008200F88145 /* Assets.xcassets in Resources */,
			);
			runOnlyForDeploymentPostprocessing = 0;
		};
/* End PBXResourcesBuildPhase section */

/* Begin PBXSourcesBuildPhase section */
		63D06B2127B8008000F88145 /* Sources */ = {
			isa = PBXSourcesBuildPhase;
			buildActionMask = 2147483647;
			files = (
				63D06B2927B8008000F88145 /* AppDelegate.swift in Sources */,
				63D06B2B27B8008000F88145 /* SceneDelegate.swift in Sources */,
				63EE2AE827B8D90900EE60E5 /* SplitViewController.swift in Sources */,
				63EE2AEA27B8DACA00EE60E5 /* TableViewController.swift in Sources */,
				63EE2AED27B8E36700EE60E5 /* UIColor+Extension.swift in Sources */,
				63EE2AF127B8E6D400EE60E5 /* AnimalManager.swift in Sources */,
				63EE2AEF27B8E51300EE60E5 /* Animal.swift in Sources */,
			);
			runOnlyForDeploymentPostprocessing = 0;
		};
/* End PBXSourcesBuildPhase section */

/* Begin XCBuildConfiguration section */
		63D06B3727B8008200F88145 /* Debug */ = {
			isa = XCBuildConfiguration;
			buildSettings = {
				ALWAYS_SEARCH_USER_PATHS = NO;
				CLANG_ANALYZER_NONNULL = YES;
				CLANG_ANALYZER_NUMBER_OBJECT_CONVERSION = YES_AGGRESSIVE;
				CLANG_CXX_LANGUAGE_STANDARD = "gnu++17";
				CLANG_CXX_LIBRARY = "libc++";
				CLANG_ENABLE_MODULES = YES;
				CLANG_ENABLE_OBJC_ARC = YES;
				CLANG_ENABLE_OBJC_WEAK = YES;
				CLANG_WARN_BLOCK_CAPTURE_AUTORELEASING = YES;
				CLANG_WARN_BOOL_CONVERSION = YES;
				CLANG_WARN_COMMA = YES;
				CLANG_WARN_CONSTANT_CONVERSION = YES;
				CLANG_WARN_DEPRECATED_OBJC_IMPLEMENTATIONS = YES;
				CLANG_WARN_DIRECT_OBJC_ISA_USAGE = YES_ERROR;
				CLANG_WARN_DOCUMENTATION_COMMENTS = YES;
				CLANG_WARN_EMPTY_BODY = YES;
				CLANG_WARN_ENUM_CONVERSION = YES;
				CLANG_WARN_INFINITE_RECURSION = YES;
				CLANG_WARN_INT_CONVERSION = YES;
				CLANG_WARN_NON_LITERAL_NULL_CONVERSION = YES;
				CLANG_WARN_OBJC_IMPLICIT_RETAIN_SELF = YES;
				CLANG_WARN_OBJC_LITERAL_CONVERSION = YES;
				CLANG_WARN_OBJC_ROOT_CLASS = YES_ERROR;
				CLANG_WARN_QUOTED_INCLUDE_IN_FRAMEWORK_HEADER = YES;
				CLANG_WARN_RANGE_LOOP_ANALYSIS = YES;
				CLANG_WARN_STRICT_PROTOTYPES = YES;
				CLANG_WARN_SUSPICIOUS_MOVE = YES;
				CLANG_WARN_UNGUARDED_AVAILABILITY = YES_AGGRESSIVE;
				CLANG_WARN_UNREACHABLE_CODE = YES;
				CLANG_WARN__DUPLICATE_METHOD_MATCH = YES;
				COPY_PHASE_STRIP = NO;
				DEBUG_INFORMATION_FORMAT = dwarf;
				ENABLE_STRICT_OBJC_MSGSEND = YES;
				ENABLE_TESTABILITY = YES;
				GCC_C_LANGUAGE_STANDARD = gnu11;
				GCC_DYNAMIC_NO_PIC = NO;
				GCC_NO_COMMON_BLOCKS = YES;
				GCC_OPTIMIZATION_LEVEL = 0;
				GCC_PREPROCESSOR_DEFINITIONS = (
					"DEBUG=1",
					"$(inherited)",
				);
				GCC_WARN_64_TO_32_BIT_CONVERSION = YES;
				GCC_WARN_ABOUT_RETURN_TYPE = YES_ERROR;
				GCC_WARN_UNDECLARED_SELECTOR = YES;
				GCC_WARN_UNINITIALIZED_AUTOS = YES_AGGRESSIVE;
				GCC_WARN_UNUSED_FUNCTION = YES;
				GCC_WARN_UNUSED_VARIABLE = YES;
				IPHONEOS_DEPLOYMENT_TARGET = 15.0;
				MTL_ENABLE_DEBUG_INFO = INCLUDE_SOURCE;
				MTL_FAST_MATH = YES;
				ONLY_ACTIVE_ARCH = YES;
				SDKROOT = iphoneos;
				SWIFT_ACTIVE_COMPILATION_CONDITIONS = DEBUG;
				SWIFT_OPTIMIZATION_LEVEL = "-Onone";
			};
			name = Debug;
		};
		63D06B3827B8008200F88145 /* Release */ = {
			isa = XCBuildConfiguration;
			buildSettings = {
				ALWAYS_SEARCH_USER_PATHS = NO;
				CLANG_ANALYZER_NONNULL = YES;
				CLANG_ANALYZER_NUMBER_OBJECT_CONVERSION = YES_AGGRESSIVE;
				CLANG_CXX_LANGUAGE_STANDARD = "gnu++17";
				CLANG_CXX_LIBRARY = "libc++";
				CLANG_ENABLE_MODULES = YES;
				CLANG_ENABLE_OBJC_ARC = YES;
				CLANG_ENABLE_OBJC_WEAK = YES;
				CLANG_WARN_BLOCK_CAPTURE_AUTORELEASING = YES;
				CLANG_WARN_BOOL_CONVERSION = YES;
				CLANG_WARN_COMMA = YES;
				CLANG_WARN_CONSTANT_CONVERSION = YES;
				CLANG_WARN_DEPRECATED_OBJC_IMPLEMENTATIONS = YES;
				CLANG_WARN_DIRECT_OBJC_ISA_USAGE = YES_ERROR;
				CLANG_WARN_DOCUMENTATION_COMMENTS = YES;
				CLANG_WARN_EMPTY_BODY = YES;
				CLANG_WARN_ENUM_CONVERSION = YES;
				CLANG_WARN_INFINITE_RECURSION = YES;
				CLANG_WARN_INT_CONVERSION = YES;
				CLANG_WARN_NON_LITERAL_NULL_CONVERSION = YES;
				CLANG_WARN_OBJC_IMPLICIT_RETAIN_SELF = YES;
				CLANG_WARN_OBJC_LITERAL_CONVERSION = YES;
				CLANG_WARN_OBJC_ROOT_CLASS = YES_ERROR;
				CLANG_WARN_QUOTED_INCLUDE_IN_FRAMEWORK_HEADER = YES;
				CLANG_WARN_RANGE_LOOP_ANALYSIS = YES;
				CLANG_WARN_STRICT_PROTOTYPES = YES;
				CLANG_WARN_SUSPICIOUS_MOVE = YES;
				CLANG_WARN_UNGUARDED_AVAILABILITY = YES_AGGRESSIVE;
				CLANG_WARN_UNREACHABLE_CODE = YES;
				CLANG_WARN__DUPLICATE_METHOD_MATCH = YES;
				COPY_PHASE_STRIP = NO;
				DEBUG_INFORMATION_FORMAT = "dwarf-with-dsym";
				ENABLE_NS_ASSERTIONS = NO;
				ENABLE_STRICT_OBJC_MSGSEND = YES;
				GCC_C_LANGUAGE_STANDARD = gnu11;
				GCC_NO_COMMON_BLOCKS = YES;
				GCC_WARN_64_TO_32_BIT_CONVERSION = YES;
				GCC_WARN_ABOUT_RETURN_TYPE = YES_ERROR;
				GCC_WARN_UNDECLARED_SELECTOR = YES;
				GCC_WARN_UNINITIALIZED_AUTOS = YES_AGGRESSIVE;
				GCC_WARN_UNUSED_FUNCTION = YES;
				GCC_WARN_UNUSED_VARIABLE = YES;
				IPHONEOS_DEPLOYMENT_TARGET = 15.0;
				MTL_ENABLE_DEBUG_INFO = NO;
				MTL_FAST_MATH = YES;
				SDKROOT = iphoneos;
				SWIFT_COMPILATION_MODE = wholemodule;
				SWIFT_OPTIMIZATION_LEVEL = "-O";
				VALIDATE_PRODUCT = YES;
			};
			name = Release;
		};
		63D06B3A27B8008200F88145 /* Debug */ = {
			isa = XCBuildConfiguration;
			buildSettings = {
				ASSETCATALOG_COMPILER_APPICON_NAME = AppIcon;
				ASSETCATALOG_COMPILER_GLOBAL_ACCENT_COLOR_NAME = AccentColor;
				CODE_SIGN_STYLE = Automatic;
				CURRENT_PROJECT_VERSION = 1;
				DEVELOPMENT_TEAM = 3LTF5F2YL4;
				GENERATE_INFOPLIST_FILE = YES;
				INFOPLIST_FILE = SplitViewApp/Info.plist;
				INFOPLIST_KEY_UIApplicationSupportsIndirectInputEvents = YES;
				INFOPLIST_KEY_UIMainStoryboardFile = "";
				INFOPLIST_KEY_UISupportedInterfaceOrientations_iPad = "UIInterfaceOrientationPortrait UIInterfaceOrientationPortraitUpsideDown UIInterfaceOrientationLandscapeLeft UIInterfaceOrientationLandscapeRight";
				INFOPLIST_KEY_UISupportedInterfaceOrientations_iPhone = "UIInterfaceOrientationPortrait UIInterfaceOrientationLandscapeLeft UIInterfaceOrientationLandscapeRight";
				LD_RUNPATH_SEARCH_PATHS = (
					"$(inherited)",
					"@executable_path/Frameworks",
				);
				MARKETING_VERSION = 1.0;
				PRODUCT_BUNDLE_IDENTIFIER = com.YeahgDev.SplitViewApp;
				PRODUCT_NAME = "$(TARGET_NAME)";
				SWIFT_EMIT_LOC_STRINGS = YES;
				SWIFT_VERSION = 5.0;
				TARGETED_DEVICE_FAMILY = 2;
			};
			name = Debug;
		};
		63D06B3B27B8008200F88145 /* Release */ = {
			isa = XCBuildConfiguration;
			buildSettings = {
				ASSETCATALOG_COMPILER_APPICON_NAME = AppIcon;
				ASSETCATALOG_COMPILER_GLOBAL_ACCENT_COLOR_NAME = AccentColor;
				CODE_SIGN_STYLE = Automatic;
				CURRENT_PROJECT_VERSION = 1;
				DEVELOPMENT_TEAM = 3LTF5F2YL4;
				GENERATE_INFOPLIST_FILE = YES;
				INFOPLIST_FILE = SplitViewApp/Info.plist;
				INFOPLIST_KEY_UIApplicationSupportsIndirectInputEvents = YES;
				INFOPLIST_KEY_UIMainStoryboardFile = "";
				INFOPLIST_KEY_UISupportedInterfaceOrientations_iPad = "UIInterfaceOrientationPortrait UIInterfaceOrientationPortraitUpsideDown UIInterfaceOrientationLandscapeLeft UIInterfaceOrientationLandscapeRight";
				INFOPLIST_KEY_UISupportedInterfaceOrientations_iPhone = "UIInterfaceOrientationPortrait UIInterfaceOrientationLandscapeLeft UIInterfaceOrientationLandscapeRight";
				LD_RUNPATH_SEARCH_PATHS = (
					"$(inherited)",
					"@executable_path/Frameworks",
				);
				MARKETING_VERSION = 1.0;
				PRODUCT_BUNDLE_IDENTIFIER = com.YeahgDev.SplitViewApp;
				PRODUCT_NAME = "$(TARGET_NAME)";
				SWIFT_EMIT_LOC_STRINGS = YES;
				SWIFT_VERSION = 5.0;
				TARGETED_DEVICE_FAMILY = 2;
			};
			name = Release;
		};
/* End XCBuildConfiguration section */

/* Begin XCConfigurationList section */
		63D06B2027B8008000F88145 /* Build configuration list for PBXProject "SplitViewApp" */ = {
			isa = XCConfigurationList;
			buildConfigurations = (
				63D06B3727B8008200F88145 /* Debug */,
				63D06B3827B8008200F88145 /* Release */,
			);
			defaultConfigurationIsVisible = 0;
			defaultConfigurationName = Release;
		};
		63D06B3927B8008200F88145 /* Build configuration list for PBXNativeTarget "SplitViewApp" */ = {
			isa = XCConfigurationList;
			buildConfigurations = (
				63D06B3A27B8008200F88145 /* Debug */,
				63D06B3B27B8008200F88145 /* Release */,
			);
			defaultConfigurationIsVisible = 0;
			defaultConfigurationName = Release;
		};
/* End XCConfigurationList section */
	};
	rootObject = 63D06B1D27B8008000F88145 /* Project object */;
}
